// !$*UTF8*$!
{
	archiveVersion = 1;
	classes = {
	};
	objectVersion = 46;
	objects = {

/* Begin PBXBuildFile section */
		EC65B2591BC27DB5003D7681 /* main.m in Sources */ = {isa = PBXBuildFile; fileRef = EC65B2581BC27DB5003D7681 /* main.m */; };
		EC65B2611BC27E41003D7681 /* Person.m in Sources */ = {isa = PBXBuildFile; fileRef = EC65B2601BC27E41003D7681 /* Person.m */; settings = {ASSET_TAGS = (); }; };
		EC65B2641BC2826A003D7681 /* NSString+Reverse.m in Sources */ = {isa = PBXBuildFile; fileRef = EC65B2631BC2826A003D7681 /* NSString+Reverse.m */; settings = {ASSET_TAGS = (); }; };
/* End PBXBuildFile section */

/* Begin PBXCopyFilesBuildPhase section */
		EC65B2531BC27DB5003D7681 /* CopyFiles */ = {
			isa = PBXCopyFilesBuildPhase;
			buildActionMask = 2147483647;
			dstPath = /usr/share/man/man1/;
			dstSubfolderSpec = 0;
			files = (
			);
			runOnlyForDeploymentPostprocessing = 1;
		};
/* End PBXCopyFilesBuildPhase section */

/* Begin PBXFileReference section */
		EC65B2551BC27DB5003D7681 /* PersonTest */ = {isa = PBXFileReference; explicitFileType = "compiled.mach-o.executable"; includeInIndex = 0; path = PersonTest; sourceTree = BUILT_PRODUCTS_DIR; };
		EC65B2581BC27DB5003D7681 /* main.m */ = {isa = PBXFileReference; lastKnownFileType = sourcecode.c.objc; path = main.m; sourceTree = "<group>"; };
		EC65B25F1BC27E41003D7681 /* Person.h */ = {isa = PBXFileReference; fileEncoding = 4; lastKnownFileType = sourcecode.c.h; path = Person.h; sourceTree = "<group>"; };
		EC65B2601BC27E41003D7681 /* Person.m */ = {isa = PBXFileReference; fileEncoding = 4; lastKnownFileType = sourcecode.c.objc; path = Person.m; sourceTree = "<group>"; };
		EC65B2621BC2826A003D7681 /* NSString+Reverse.h */ = {isa = PBXFileReference; fileEncoding = 4; lastKnownFileType = sourcecode.c.h; path = "NSString+Reverse.h"; sourceTree = "<group>"; };
		EC65B2631BC2826A003D7681 /* NSString+Reverse.m */ = {isa = PBXFileReference; fileEncoding = 4; lastKnownFileType = sourcecode.c.objc; path = "NSString+Reverse.m"; sourceTree = "<group>"; };
/* End PBXFileReference section */

/* Begin PBXFrameworksBuildPhase section */
		EC65B2521BC27DB5003D7681 /* Frameworks */ = {
			isa = PBXFrameworksBuildPhase;
			buildActionMask = 2147483647;
			files = (
			);
			runOnlyForDeploymentPostprocessing = 0;
		};
/* End PBXFrameworksBuildPhase section */

/* Begin PBXGroup section */
		EC65B24C1BC27DB5003D7681 = {
			isa = PBXGroup;
			children = (
				EC65B2571BC27DB5003D7681 /* PersonTest */,
				EC65B2561BC27DB5003D7681 /* Products */,
			);
			sourceTree = "<group>";
		};
		EC65B2561BC27DB5003D7681 /* Products */ = {
			isa = PBXGroup;
			children = (
				EC65B2551BC27DB5003D7681 /* PersonTest */,
			);
			name = Products;
			sourceTree = "<group>";
		};
		EC65B2571BC27DB5003D7681 /* PersonTest */ = {
			isa = PBXGroup;
			children = (
				EC65B2581BC27DB5003D7681 /* main.m */,
				EC65B25F1BC27E41003D7681 /* Person.h */,
				EC65B2601BC27E41003D7681 /* Person.m */,
				EC65B2621BC2826A003D7681 /* NSString+Reverse.h */,
				EC65B2631BC2826A003D7681 /* NSString+Reverse.m */,
			);
			path = PersonTest;
			sourceTree = "<group>";
		};
/* End PBXGroup section */

/* Begin PBXNativeTarget section */
		EC65B2541BC27DB5003D7681 /* PersonTest */ = {
			isa = PBXNativeTarget;
			buildConfigurationList = EC65B25C1BC27DB5003D7681 /* Build configuration list for PBXNativeTarget "PersonTest" */;
			buildPhases = (
				EC65B2511BC27DB5003D7681 /* Sources */,
				EC65B2521BC27DB5003D7681 /* Frameworks */,
				EC65B2531BC27DB5003D7681 /* CopyFiles */,
			);
			buildRules = (
			);
			dependencies = (
			);
			name = PersonTest;
			productName = PersonTest;
			productReference = EC65B2551BC27DB5003D7681 /* PersonTest */;
			productType = "com.apple.product-type.tool";
		};
/* End PBXNativeTarget section */

/* Begin PBXProject section */
		EC65B24D1BC27DB5003D7681 /* Project object */ = {
			isa = PBXProject;
			attributes = {
				LastUpgradeCheck = 0700;
				ORGANIZATIONNAME = Etudiant;
				TargetAttributes = {
					EC65B2541BC27DB5003D7681 = {
						CreatedOnToolsVersion = 7.0.1;
					};
				};
			};
			buildConfigurationList = EC65B2501BC27DB5003D7681 /* Build configuration list for PBXProject "PersonTest" */;
			compatibilityVersion = "Xcode 3.2";
			developmentRegion = English;
			hasScannedForEncodings = 0;
			knownRegions = (
				en,
			);
			mainGroup = EC65B24C1BC27DB5003D7681;
			productRefGroup = EC65B2561BC27DB5003D7681 /* Products */;
			projectDirPath = "";
			projectRoot = "";
			targets = (
				EC65B2541BC27DB5003D7681 /* PersonTest */,
			);
		};
/* End PBXProject section */

/* Begin PBXSourcesBuildPhase section */
		EC65B2511BC27DB5003D7681 /* Sources */ = {
			isa = PBXSourcesBuildPhase;
			buildActionMask = 2147483647;
			files = (
				EC65B2611BC27E41003D7681 /* Person.m in Sources */,
				EC65B2641BC2826A003D7681 /* NSString+Reverse.m in Sources */,
				EC65B2591BC27DB5003D7681 /* main.m in Sources */,
			);
			runOnlyForDeploymentPostprocessing = 0;
		};
/* End PBXSourcesBuildPhase section */

/* Begin XCBuildConfiguration section */
		EC65B25A1BC27DB5003D7681 /* Debug */ = {
			isa = XCBuildConfiguration;
			buildSettings = {
				ALWAYS_SEARCH_USER_PATHS = NO;
				CLANG_CXX_LANGUAGE_STANDARD = "gnu++0x";
				CLANG_CXX_LIBRARY = "libc++";
				CLANG_ENABLE_MODULES = YES;
				CLANG_ENABLE_OBJC_ARC = YES;
				CLANG_WARN_BOOL_CONVERSION = YES;
				CLANG_WARN_CONSTANT_CONVERSION = YES;
				CLANG_WARN_DIRECT_OBJC_ISA_USAGE = YES_ERROR;
				CLANG_WARN_EMPTY_BODY = YES;
				CLANG_WARN_ENUM_CONVERSION = YES;
				CLANG_WARN_INT_CONVERSION = YES;
				CLANG_WARN_OBJC_ROOT_CLASS = YES_ERROR;
				CLANG_WARN_UNREACHABLE_CODE = YES;
				CLANG_WARN__DUPLICATE_METHOD_MATCH = YES;
				COPY_PHASE_STRIP = NO;
				DEBUG_INFORMATION_FORMAT = dwarf;
				ENABLE_STRICT_OBJC_MSGSEND = YES;
				ENABLE_TESTABILITY = YES;
				GCC_C_LANGUAGE_STANDARD = gnu99;
				GCC_DYNAMIC_NO_PIC = NO;
				GCC_NO_COMMON_BLOCKS = YES;
				GCC_OPTIMIZATION_LEVEL = 0;
				GCC_PREPROCESSOR_DEFINITIONS = (
					"DEBUG=1",
					"$(inherited)",
				);
				GCC_WARN_64_TO_32_BIT_CONVERSION = YES;
				GCC_WARN_ABOUT_RETURN_TYPE = YES_ERROR;
				GCC_WARN_UNDECLARED_SELECTOR = YES;
				GCC_WARN_UNINITIALIZED_AUTOS = YES_AGGRESSIVE;
				GCC_WARN_UNUSED_FUNCTION = YES;
				GCC_WARN_UNUSED_VARIABLE = YES;
				MACOSX_DEPLOYMENT_TARGET = 10.10;
				MTL_ENABLE_DEBUG_INFO = YES;
				ONLY_ACTIVE_ARCH = YES;
				SDKROOT = macosx;
			};
			name = Debug;
		};
		EC65B25B1BC27DB5003D7681 /* Release */ = {
			isa = XCBuildConfiguration;
			buildSettings = {
				ALWAYS_SEARCH_USER_PATHS = NO;
				CLANG_CXX_LANGUAGE_STANDARD = "gnu++0x";
				CLANG_CXX_LIBRARY = "libc++";
				CLANG_ENABLE_MODULES = YES;
				CLANG_ENABLE_OBJC_ARC = YES;
				CLANG_WARN_BOOL_CONVERSION = YES;
				CLANG_WARN_CONSTANT_CONVERSION = YES;
				CLANG_WARN_DIRECT_OBJC_ISA_USAGE = YES_ERROR;
				CLANG_WARN_EMPTY_BODY = YES;
				CLANG_WARN_ENUM_CONVERSION = YES;
				CLANG_WARN_INT_CONVERSION = YES;
				CLANG_WARN_OBJC_ROOT_CLASS = YES_ERROR;
				CLANG_WARN_UNREACHABLE_CODE = YES;
				CLANG_WARN__DUPLICATE_METHOD_MATCH = YES;
				COPY_PHASE_STRIP = NO;
				DEBUG_INFORMATION_FORMAT = "dwarf-with-dsym";
				ENABLE_NS_ASSERTIONS = NO;
				ENABLE_STRICT_OBJC_MSGSEND = YES;
				GCC_C_LANGUAGE_STANDARD = gnu99;
				GCC_NO_COMMON_BLOCKS = YES;
				GCC_WARN_64_TO_32_BIT_CONVERSION = YES;
				GCC_WARN_ABOUT_RETURN_TYPE = YES_ERROR;
				GCC_WARN_UNDECLARED_SELECTOR = YES;
				GCC_WARN_UNINITIALIZED_AUTOS = YES_AGGRESSIVE;
				GCC_WARN_UNUSED_FUNCTION = YES;
				GCC_WARN_UNUSED_VARIABLE = YES;
				MACOSX_DEPLOYMENT_TARGET = 10.10;
				MTL_ENABLE_DEBUG_INFO = NO;
				SDKROOT = macosx;
			};
			name = Release;
		};
		EC65B25D1BC27DB5003D7681 /* Debug */ = {
			isa = XCBuildConfiguration;
			buildSettings = {
				PRODUCT_NAME = "$(TARGET_NAME)";
			};
			name = Debug;
		};
		EC65B25E1BC27DB5003D7681 /* Release */ = {
			isa = XCBuildConfiguration;
			buildSettings = {
				PRODUCT_NAME = "$(TARGET_NAME)";
			};
			name = Release;
		};
/* End XCBuildConfiguration section */

/* Begin XCConfigurationList section */
		EC65B2501BC27DB5003D7681 /* Build configuration list for PBXProject "PersonTest" */ = {
			isa = XCConfigurationList;
			buildConfigurations = (
				EC65B25A1BC27DB5003D7681 /* Debug */,
				EC65B25B1BC27DB5003D7681 /* Release */,
			);
			defaultConfigurationIsVisible = 0;
			defaultConfigurationName = Release;
		};
		EC65B25C1BC27DB5003D7681 /* Build configuration list for PBXNativeTarget "PersonTest" */ = {
			isa = XCConfigurationList;
			buildConfigurations = (
				EC65B25D1BC27DB5003D7681 /* Debug */,
				EC65B25E1BC27DB5003D7681 /* Release */,
			);
			defaultConfigurationIsVisible = 0;
		};
/* End XCConfigurationList section */
	};
	rootObject = EC65B24D1BC27DB5003D7681 /* Project object */;
}
